Microsoft Visual Studio Solution File, Format Version 12.00
# Visual Studio Version 17
VisualStudioVersion = 17.5.2.0
MinimumVisualStudioVersion = 10.0.40219.1
Project("{FAE04EC0-301F-11D3-BF4B-00C04F79EFBC}") = "CompanyBlazorApp", "CompanyBlazorApp.csproj", "{77188007-CF45-4991-D1AA-492C59B48B05}"
EndProject
Global
	GlobalSection(SolutionConfigurationPlatforms) = preSolution
		Debug|Any CPU = Debug|Any CPU
		Release|Any CPU = Release|Any CPU
	EndGlobalSection
	GlobalSection(ProjectConfigurationPlatforms) = postSolution
		{77188007-CF45-4991-D1AA-492C59B48B05}.Debug|Any CPU.ActiveCfg = Debug|Any CPU
		{77188007-CF45-4991-D1AA-492C59B48B05}.Debug|Any CPU.Build.0 = Debug|Any CPU
		{77188007-CF45-4991-D1AA-492C59B48B05}.Release|Any CPU.ActiveCfg = Release|Any CPU
		{77188007-CF45-4991-D1AA-492C59B48B05}.Release|Any CPU.Build.0 = Release|Any CPU
	EndGlobalSection
	GlobalSection(SolutionProperties) = preSolution
		HideSolutionNode = FALSE
	EndGlobalSection
	GlobalSection(ExtensibilityGlobals) = postSolution
		SolutionGuid = {27230AFB-7BFB-4A9E-8A97-5CB5A266045B}
	EndGlobalSection
EndGlobal
